// !$*UTF8*$!
{
	archiveVersion = 1;
	classes = {
	};
	objectVersion = 52;
	objects = {

/* Begin PBXBuildFile section */
		026B497D23D62AD9006CBE6A /* AppDelegate.swift in Sources */ = {isa = PBXBuildFile; fileRef = 026B497C23D62AD9006CBE6A /* AppDelegate.swift */; };
		026B497F23D62AD9006CBE6A /* SceneDelegate.swift in Sources */ = {isa = PBXBuildFile; fileRef = 026B497E23D62AD9006CBE6A /* SceneDelegate.swift */; };
		026B498123D62AD9006CBE6A /* PixSearchController.swift in Sources */ = {isa = PBXBuildFile; fileRef = 026B498023D62AD9006CBE6A /* PixSearchController.swift */; };
		026B498423D62AD9006CBE6A /* Main.storyboard in Resources */ = {isa = PBXBuildFile; fileRef = 026B498223D62AD9006CBE6A /* Main.storyboard */; };
		026B498623D62AE8006CBE6A /* Assets.xcassets in Resources */ = {isa = PBXBuildFile; fileRef = 026B498523D62AE8006CBE6A /* Assets.xcassets */; };
		026B498923D62AE8006CBE6A /* LaunchScreen.storyboard in Resources */ = {isa = PBXBuildFile; fileRef = 026B498723D62AE8006CBE6A /* LaunchScreen.storyboard */; };
		026B499423D62AE8006CBE6A /* PersistencePixabayLabTests.swift in Sources */ = {isa = PBXBuildFile; fileRef = 026B499323D62AE8006CBE6A /* PersistencePixabayLabTests.swift */; };
		026B49A123D63095006CBE6A /* APIKey.swift in Sources */ = {isa = PBXBuildFile; fileRef = 026B49A023D63095006CBE6A /* APIKey.swift */; };
		026B49A423D63884006CBE6A /* PixCollectionCell.swift in Sources */ = {isa = PBXBuildFile; fileRef = 026B49A323D63884006CBE6A /* PixCollectionCell.swift */; };
		026B49A623D638C0006CBE6A /* FavsController.swift in Sources */ = {isa = PBXBuildFile; fileRef = 026B49A523D638C0006CBE6A /* FavsController.swift */; };
		026B49A923D63911006CBE6A /* ImageKit in Frameworks */ = {isa = PBXBuildFile; productRef = 026B49A823D63911006CBE6A /* ImageKit */; };
		026B49AC23D63BC7006CBE6A /* PixImage.swift in Sources */ = {isa = PBXBuildFile; fileRef = 026B49AB23D63BC7006CBE6A /* PixImage.swift */; };
		026B49AF23D63FA6006CBE6A /* PixAPIClient.swift in Sources */ = {isa = PBXBuildFile; fileRef = 026B49AE23D63FA6006CBE6A /* PixAPIClient.swift */; };
		02D8235B23D6535300613587 /* UIViewController+Alerts.swift in Sources */ = {isa = PBXBuildFile; fileRef = 02D8235A23D6535300613587 /* UIViewController+Alerts.swift */; };
		02D8235D23D7781100613587 /* FileManager.swift in Sources */ = {isa = PBXBuildFile; fileRef = 02D8235C23D7781100613587 /* FileManager.swift */; };
		02D8235F23D7786D00613587 /* PersistenceHelper.swift in Sources */ = {isa = PBXBuildFile; fileRef = 02D8235E23D7786D00613587 /* PersistenceHelper.swift */; };
/* End PBXBuildFile section */

/* Begin PBXContainerItemProxy section */
		026B499023D62AE8006CBE6A /* PBXContainerItemProxy */ = {
			isa = PBXContainerItemProxy;
			containerPortal = 026B497123D62AD9006CBE6A /* Project object */;
			proxyType = 1;
			remoteGlobalIDString = 026B497823D62AD9006CBE6A;
			remoteInfo = PersistencePixabayLab;
		};
/* End PBXContainerItemProxy section */

/* Begin PBXFileReference section */
		026B497923D62AD9006CBE6A /* PersistencePixabayLab.app */ = {isa = PBXFileReference; explicitFileType = wrapper.application; includeInIndex = 0; path = PersistencePixabayLab.app; sourceTree = BUILT_PRODUCTS_DIR; };
		026B497C23D62AD9006CBE6A /* AppDelegate.swift */ = {isa = PBXFileReference; lastKnownFileType = sourcecode.swift; path = AppDelegate.swift; sourceTree = "<group>"; };
		026B497E23D62AD9006CBE6A /* SceneDelegate.swift */ = {isa = PBXFileReference; lastKnownFileType = sourcecode.swift; path = SceneDelegate.swift; sourceTree = "<group>"; };
		026B498023D62AD9006CBE6A /* PixSearchController.swift */ = {isa = PBXFileReference; lastKnownFileType = sourcecode.swift; path = PixSearchController.swift; sourceTree = "<group>"; };
		026B498323D62AD9006CBE6A /* Base */ = {isa = PBXFileReference; lastKnownFileType = file.storyboard; name = Base; path = Base.lproj/Main.storyboard; sourceTree = "<group>"; };
		026B498523D62AE8006CBE6A /* Assets.xcassets */ = {isa = PBXFileReference; lastKnownFileType = folder.assetcatalog; path = Assets.xcassets; sourceTree = "<group>"; };
		026B498823D62AE8006CBE6A /* Base */ = {isa = PBXFileReference; lastKnownFileType = file.storyboard; name = Base; path = Base.lproj/LaunchScreen.storyboard; sourceTree = "<group>"; };
		026B498A23D62AE8006CBE6A /* Info.plist */ = {isa = PBXFileReference; lastKnownFileType = text.plist.xml; path = Info.plist; sourceTree = "<group>"; };
		026B498F23D62AE8006CBE6A /* PersistencePixabayLabTests.xctest */ = {isa = PBXFileReference; explicitFileType = wrapper.cfbundle; includeInIndex = 0; path = PersistencePixabayLabTests.xctest; sourceTree = BUILT_PRODUCTS_DIR; };
		026B499323D62AE8006CBE6A /* PersistencePixabayLabTests.swift */ = {isa = PBXFileReference; lastKnownFileType = sourcecode.swift; path = PersistencePixabayLabTests.swift; sourceTree = "<group>"; };
		026B499523D62AE8006CBE6A /* Info.plist */ = {isa = PBXFileReference; lastKnownFileType = text.plist.xml; path = Info.plist; sourceTree = "<group>"; };
		026B49A023D63095006CBE6A /* APIKey.swift */ = {isa = PBXFileReference; lastKnownFileType = sourcecode.swift; path = APIKey.swift; sourceTree = "<group>"; };
		026B49A323D63884006CBE6A /* PixCollectionCell.swift */ = {isa = PBXFileReference; lastKnownFileType = sourcecode.swift; path = PixCollectionCell.swift; sourceTree = "<group>"; };
		026B49A523D638C0006CBE6A /* FavsController.swift */ = {isa = PBXFileReference; lastKnownFileType = sourcecode.swift; path = FavsController.swift; sourceTree = "<group>"; };
		026B49AB23D63BC7006CBE6A /* PixImage.swift */ = {isa = PBXFileReference; lastKnownFileType = sourcecode.swift; path = PixImage.swift; sourceTree = "<group>"; };
		026B49AE23D63FA6006CBE6A /* PixAPIClient.swift */ = {isa = PBXFileReference; lastKnownFileType = sourcecode.swift; path = PixAPIClient.swift; sourceTree = "<group>"; };
		02D8235A23D6535300613587 /* UIViewController+Alerts.swift */ = {isa = PBXFileReference; lastKnownFileType = sourcecode.swift; path = "UIViewController+Alerts.swift"; sourceTree = "<group>"; };
		02D8235C23D7781100613587 /* FileManager.swift */ = {isa = PBXFileReference; lastKnownFileType = sourcecode.swift; path = FileManager.swift; sourceTree = "<group>"; };
		02D8235E23D7786D00613587 /* PersistenceHelper.swift */ = {isa = PBXFileReference; lastKnownFileType = sourcecode.swift; path = PersistenceHelper.swift; sourceTree = "<group>"; };
/* End PBXFileReference section */

/* Begin PBXFrameworksBuildPhase section */
		026B497623D62AD9006CBE6A /* Frameworks */ = {
			isa = PBXFrameworksBuildPhase;
			buildActionMask = 2147483647;
			files = (
				026B49A923D63911006CBE6A /* ImageKit in Frameworks */,
			);
			runOnlyForDeploymentPostprocessing = 0;
		};
		026B498C23D62AE8006CBE6A /* Frameworks */ = {
			isa = PBXFrameworksBuildPhase;
			buildActionMask = 2147483647;
			files = (
			);
			runOnlyForDeploymentPostprocessing = 0;
		};
/* End PBXFrameworksBuildPhase section */

/* Begin PBXGroup section */
		026B497023D62AD9006CBE6A = {
			isa = PBXGroup;
			children = (
				026B499F23D62FEE006CBE6A /* APIKey */,
				026B497B23D62AD9006CBE6A /* PersistencePixabayLab */,
				026B499223D62AE8006CBE6A /* PersistencePixabayLabTests */,
				026B497A23D62AD9006CBE6A /* Products */,
			);
			sourceTree = "<group>";
		};
		026B497A23D62AD9006CBE6A /* Products */ = {
			isa = PBXGroup;
			children = (
				026B497923D62AD9006CBE6A /* PersistencePixabayLab.app */,
				026B498F23D62AE8006CBE6A /* PersistencePixabayLabTests.xctest */,
			);
			name = Products;
			sourceTree = "<group>";
		};
		026B497B23D62AD9006CBE6A /* PersistencePixabayLab */ = {
			isa = PBXGroup;
			children = (
				026B49AD23D63F86006CBE6A /* APIClient+NetworkServices */,
				026B49AA23D63B92006CBE6A /* Models */,
				026B49A223D63829006CBE6A /* Controllers + Cells */,
				026B49B023D64061006CBE6A /* Supporting Files */,
				026B498A23D62AE8006CBE6A /* Info.plist */,
			);
			path = PersistencePixabayLab;
			sourceTree = "<group>";
		};
		026B499223D62AE8006CBE6A /* PersistencePixabayLabTests */ = {
			isa = PBXGroup;
			children = (
				026B499323D62AE8006CBE6A /* PersistencePixabayLabTests.swift */,
				026B499523D62AE8006CBE6A /* Info.plist */,
			);
			path = PersistencePixabayLabTests;
			sourceTree = "<group>";
		};
		026B499F23D62FEE006CBE6A /* APIKey */ = {
			isa = PBXGroup;
			children = (
				026B49A023D63095006CBE6A /* APIKey.swift */,
			);
			path = APIKey;
			sourceTree = "<group>";
		};
		026B49A223D63829006CBE6A /* Controllers + Cells */ = {
			isa = PBXGroup;
			children = (
				026B498023D62AD9006CBE6A /* PixSearchController.swift */,
				026B49A323D63884006CBE6A /* PixCollectionCell.swift */,
				026B49A523D638C0006CBE6A /* FavsController.swift */,
			);
			path = "Controllers + Cells";
			sourceTree = "<group>";
		};
		026B49AA23D63B92006CBE6A /* Models */ = {
			isa = PBXGroup;
			children = (
				026B49AB23D63BC7006CBE6A /* PixImage.swift */,
			);
			path = Models;
			sourceTree = "<group>";
		};
		026B49AD23D63F86006CBE6A /* APIClient+NetworkServices */ = {
			isa = PBXGroup;
			children = (
				026B49AE23D63FA6006CBE6A /* PixAPIClient.swift */,
				02D8235A23D6535300613587 /* UIViewController+Alerts.swift */,
				02D8235C23D7781100613587 /* FileManager.swift */,
				02D8235E23D7786D00613587 /* PersistenceHelper.swift */,
			);
			path = "APIClient+NetworkServices";
			sourceTree = "<group>";
		};
		026B49B023D64061006CBE6A /* Supporting Files */ = {
			isa = PBXGroup;
			children = (
				026B497C23D62AD9006CBE6A /* AppDelegate.swift */,
				026B497E23D62AD9006CBE6A /* SceneDelegate.swift */,
				026B498223D62AD9006CBE6A /* Main.storyboard */,
				026B498523D62AE8006CBE6A /* Assets.xcassets */,
				026B498723D62AE8006CBE6A /* LaunchScreen.storyboard */,
			);
			path = "Supporting Files";
			sourceTree = "<group>";
		};
/* End PBXGroup section */

/* Begin PBXNativeTarget section */
		026B497823D62AD9006CBE6A /* PersistencePixabayLab */ = {
			isa = PBXNativeTarget;
			buildConfigurationList = 026B499823D62AE8006CBE6A /* Build configuration list for PBXNativeTarget "PersistencePixabayLab" */;
			buildPhases = (
				026B497523D62AD9006CBE6A /* Sources */,
				026B497623D62AD9006CBE6A /* Frameworks */,
				026B497723D62AD9006CBE6A /* Resources */,
			);
			buildRules = (
			);
			dependencies = (
			);
			name = PersistencePixabayLab;
			packageProductDependencies = (
				026B49A823D63911006CBE6A /* ImageKit */,
			);
			productName = PersistencePixabayLab;
			productReference = 026B497923D62AD9006CBE6A /* PersistencePixabayLab.app */;
			productType = "com.apple.product-type.application";
		};
		026B498E23D62AE8006CBE6A /* PersistencePixabayLabTests */ = {
			isa = PBXNativeTarget;
			buildConfigurationList = 026B499B23D62AE8006CBE6A /* Build configuration list for PBXNativeTarget "PersistencePixabayLabTests" */;
			buildPhases = (
				026B498B23D62AE8006CBE6A /* Sources */,
				026B498C23D62AE8006CBE6A /* Frameworks */,
				026B498D23D62AE8006CBE6A /* Resources */,
			);
			buildRules = (
			);
			dependencies = (
				026B499123D62AE8006CBE6A /* PBXTargetDependency */,
			);
			name = PersistencePixabayLabTests;
			productName = PersistencePixabayLabTests;
			productReference = 026B498F23D62AE8006CBE6A /* PersistencePixabayLabTests.xctest */;
			productType = "com.apple.product-type.bundle.unit-test";
		};
/* End PBXNativeTarget section */

/* Begin PBXProject section */
		026B497123D62AD9006CBE6A /* Project object */ = {
			isa = PBXProject;
			attributes = {
				LastSwiftUpdateCheck = 1130;
				LastUpgradeCheck = 1130;
				ORGANIZATIONNAME = "Kelby Mittan";
				TargetAttributes = {
					026B497823D62AD9006CBE6A = {
						CreatedOnToolsVersion = 11.3.1;
					};
					026B498E23D62AE8006CBE6A = {
						CreatedOnToolsVersion = 11.3.1;
						TestTargetID = 026B497823D62AD9006CBE6A;
					};
				};
			};
			buildConfigurationList = 026B497423D62AD9006CBE6A /* Build configuration list for PBXProject "PersistencePixabayLab" */;
			compatibilityVersion = "Xcode 9.3";
			developmentRegion = en;
			hasScannedForEncodings = 0;
			knownRegions = (
				en,
				Base,
			);
			mainGroup = 026B497023D62AD9006CBE6A;
			packageReferences = (
				026B49A723D63911006CBE6A /* XCRemoteSwiftPackageReference "ImageKit" */,
			);
			productRefGroup = 026B497A23D62AD9006CBE6A /* Products */;
			projectDirPath = "";
			projectRoot = "";
			targets = (
				026B497823D62AD9006CBE6A /* PersistencePixabayLab */,
				026B498E23D62AE8006CBE6A /* PersistencePixabayLabTests */,
			);
		};
/* End PBXProject section */

/* Begin PBXResourcesBuildPhase section */
		026B497723D62AD9006CBE6A /* Resources */ = {
			isa = PBXResourcesBuildPhase;
			buildActionMask = 2147483647;
			files = (
				026B498923D62AE8006CBE6A /* LaunchScreen.storyboard in Resources */,
				026B498623D62AE8006CBE6A /* Assets.xcassets in Resources */,
				026B498423D62AD9006CBE6A /* Main.storyboard in Resources */,
			);
			runOnlyForDeploymentPostprocessing = 0;
		};
		026B498D23D62AE8006CBE6A /* Resources */ = {
			isa = PBXResourcesBuildPhase;
			buildActionMask = 2147483647;
			files = (
			);
			runOnlyForDeploymentPostprocessing = 0;
		};
/* End PBXResourcesBuildPhase section */

/* Begin PBXSourcesBuildPhase section */
		026B497523D62AD9006CBE6A /* Sources */ = {
			isa = PBXSourcesBuildPhase;
			buildActionMask = 2147483647;
			files = (
				026B498123D62AD9006CBE6A /* PixSearchController.swift in Sources */,
				026B497D23D62AD9006CBE6A /* AppDelegate.swift in Sources */,
				026B49AC23D63BC7006CBE6A /* PixImage.swift in Sources */,
				026B49A423D63884006CBE6A /* PixCollectionCell.swift in Sources */,
				026B49A623D638C0006CBE6A /* FavsController.swift in Sources */,
				02D8235D23D7781100613587 /* FileManager.swift in Sources */,
				026B49A123D63095006CBE6A /* APIKey.swift in Sources */,
				02D8235F23D7786D00613587 /* PersistenceHelper.swift in Sources */,
				026B497F23D62AD9006CBE6A /* SceneDelegate.swift in Sources */,
				02D8235B23D6535300613587 /* UIViewController+Alerts.swift in Sources */,
				026B49AF23D63FA6006CBE6A /* PixAPIClient.swift in Sources */,
			);
			runOnlyForDeploymentPostprocessing = 0;
		};
		026B498B23D62AE8006CBE6A /* Sources */ = {
			isa = PBXSourcesBuildPhase;
			buildActionMask = 2147483647;
			files = (
				026B499423D62AE8006CBE6A /* PersistencePixabayLabTests.swift in Sources */,
			);
			runOnlyForDeploymentPostprocessing = 0;
		};
/* End PBXSourcesBuildPhase section */

/* Begin PBXTargetDependency section */
		026B499123D62AE8006CBE6A /* PBXTargetDependency */ = {
			isa = PBXTargetDependency;
			target = 026B497823D62AD9006CBE6A /* PersistencePixabayLab */;
			targetProxy = 026B499023D62AE8006CBE6A /* PBXContainerItemProxy */;
		};
/* End PBXTargetDependency section */

/* Begin PBXVariantGroup section */
		026B498223D62AD9006CBE6A /* Main.storyboard */ = {
			isa = PBXVariantGroup;
			children = (
				026B498323D62AD9006CBE6A /* Base */,
			);
			name = Main.storyboard;
			sourceTree = "<group>";
		};
		026B498723D62AE8006CBE6A /* LaunchScreen.storyboard */ = {
			isa = PBXVariantGroup;
			children = (
				026B498823D62AE8006CBE6A /* Base */,
			);
			name = LaunchScreen.storyboard;
			sourceTree = "<group>";
		};
/* End PBXVariantGroup section */

/* Begin XCBuildConfiguration section */
		026B499623D62AE8006CBE6A /* Debug */ = {
			isa = XCBuildConfiguration;
			buildSettings = {
				ALWAYS_SEARCH_USER_PATHS = NO;
				CLANG_ANALYZER_NONNULL = YES;
				CLANG_ANALYZER_NUMBER_OBJECT_CONVERSION = YES_AGGRESSIVE;
				CLANG_CXX_LANGUAGE_STANDARD = "gnu++14";
				CLANG_CXX_LIBRARY = "libc++";
				CLANG_ENABLE_MODULES = YES;
				CLANG_ENABLE_OBJC_ARC = YES;
				CLANG_ENABLE_OBJC_WEAK = YES;
				CLANG_WARN_BLOCK_CAPTURE_AUTORELEASING = YES;
				CLANG_WARN_BOOL_CONVERSION = YES;
				CLANG_WARN_COMMA = YES;
				CLANG_WARN_CONSTANT_CONVERSION = YES;
				CLANG_WARN_DEPRECATED_OBJC_IMPLEMENTATIONS = YES;
				CLANG_WARN_DIRECT_OBJC_ISA_USAGE = YES_ERROR;
				CLANG_WARN_DOCUMENTATION_COMMENTS = YES;
				CLANG_WARN_EMPTY_BODY = YES;
				CLANG_WARN_ENUM_CONVERSION = YES;
				CLANG_WARN_INFINITE_RECURSION = YES;
				CLANG_WARN_INT_CONVERSION = YES;
				CLANG_WARN_NON_LITERAL_NULL_CONVERSION = YES;
				CLANG_WARN_OBJC_IMPLICIT_RETAIN_SELF = YES;
				CLANG_WARN_OBJC_LITERAL_CONVERSION = YES;
				CLANG_WARN_OBJC_ROOT_CLASS = YES_ERROR;
				CLANG_WARN_RANGE_LOOP_ANALYSIS = YES;
				CLANG_WARN_STRICT_PROTOTYPES = YES;
				CLANG_WARN_SUSPICIOUS_MOVE = YES;
				CLANG_WARN_UNGUARDED_AVAILABILITY = YES_AGGRESSIVE;
				CLANG_WARN_UNREACHABLE_CODE = YES;
				CLANG_WARN__DUPLICATE_METHOD_MATCH = YES;
				COPY_PHASE_STRIP = NO;
				DEBUG_INFORMATION_FORMAT = dwarf;
				ENABLE_STRICT_OBJC_MSGSEND = YES;
				ENABLE_TESTABILITY = YES;
				GCC_C_LANGUAGE_STANDARD = gnu11;
				GCC_DYNAMIC_NO_PIC = NO;
				GCC_NO_COMMON_BLOCKS = YES;
				GCC_OPTIMIZATION_LEVEL = 0;
				GCC_PREPROCESSOR_DEFINITIONS = (
					"DEBUG=1",
					"$(inherited)",
				);
				GCC_WARN_64_TO_32_BIT_CONVERSION = YES;
				GCC_WARN_ABOUT_RETURN_TYPE = YES_ERROR;
				GCC_WARN_UNDECLARED_SELECTOR = YES;
				GCC_WARN_UNINITIALIZED_AUTOS = YES_AGGRESSIVE;
				GCC_WARN_UNUSED_FUNCTION = YES;
				GCC_WARN_UNUSED_VARIABLE = YES;
				IPHONEOS_DEPLOYMENT_TARGET = 13.2;
				MTL_ENABLE_DEBUG_INFO = INCLUDE_SOURCE;
				MTL_FAST_MATH = YES;
				ONLY_ACTIVE_ARCH = YES;
				SDKROOT = iphoneos;
				SWIFT_ACTIVE_COMPILATION_CONDITIONS = DEBUG;
				SWIFT_OPTIMIZATION_LEVEL = "-Onone";
			};
			name = Debug;
		};
		026B499723D62AE8006CBE6A /* Release */ = {
			isa = XCBuildConfiguration;
			buildSettings = {
				ALWAYS_SEARCH_USER_PATHS = NO;
				CLANG_ANALYZER_NONNULL = YES;
				CLANG_ANALYZER_NUMBER_OBJECT_CONVERSION = YES_AGGRESSIVE;
				CLANG_CXX_LANGUAGE_STANDARD = "gnu++14";
				CLANG_CXX_LIBRARY = "libc++";
				CLANG_ENABLE_MODULES = YES;
				CLANG_ENABLE_OBJC_ARC = YES;
				CLANG_ENABLE_OBJC_WEAK = YES;
				CLANG_WARN_BLOCK_CAPTURE_AUTORELEASING = YES;
				CLANG_WARN_BOOL_CONVERSION = YES;
				CLANG_WARN_COMMA = YES;
				CLANG_WARN_CONSTANT_CONVERSION = YES;
				CLANG_WARN_DEPRECATED_OBJC_IMPLEMENTATIONS = YES;
				CLANG_WARN_DIRECT_OBJC_ISA_USAGE = YES_ERROR;
				CLANG_WARN_DOCUMENTATION_COMMENTS = YES;
				CLANG_WARN_EMPTY_BODY = YES;
				CLANG_WARN_ENUM_CONVERSION = YES;
				CLANG_WARN_INFINITE_RECURSION = YES;
				CLANG_WARN_INT_CONVERSION = YES;
				CLANG_WARN_NON_LITERAL_NULL_CONVERSION = YES;
				CLANG_WARN_OBJC_IMPLICIT_RETAIN_SELF = YES;
				CLANG_WARN_OBJC_LITERAL_CONVERSION = YES;
				CLANG_WARN_OBJC_ROOT_CLASS = YES_ERROR;
				CLANG_WARN_RANGE_LOOP_ANALYSIS = YES;
				CLANG_WARN_STRICT_PROTOTYPES = YES;
				CLANG_WARN_SUSPICIOUS_MOVE = YES;
				CLANG_WARN_UNGUARDED_AVAILABILITY = YES_AGGRESSIVE;
				CLANG_WARN_UNREACHABLE_CODE = YES;
				CLANG_WARN__DUPLICATE_METHOD_MATCH = YES;
				COPY_PHASE_STRIP = NO;
				DEBUG_INFORMATION_FORMAT = "dwarf-with-dsym";
				ENABLE_NS_ASSERTIONS = NO;
				ENABLE_STRICT_OBJC_MSGSEND = YES;
				GCC_C_LANGUAGE_STANDARD = gnu11;
				GCC_NO_COMMON_BLOCKS = YES;
				GCC_WARN_64_TO_32_BIT_CONVERSION = YES;
				GCC_WARN_ABOUT_RETURN_TYPE = YES_ERROR;
				GCC_WARN_UNDECLARED_SELECTOR = YES;
				GCC_WARN_UNINITIALIZED_AUTOS = YES_AGGRESSIVE;
				GCC_WARN_UNUSED_FUNCTION = YES;
				GCC_WARN_UNUSED_VARIABLE = YES;
				IPHONEOS_DEPLOYMENT_TARGET = 13.2;
				MTL_ENABLE_DEBUG_INFO = NO;
				MTL_FAST_MATH = YES;
				SDKROOT = iphoneos;
				SWIFT_COMPILATION_MODE = wholemodule;
				SWIFT_OPTIMIZATION_LEVEL = "-O";
				VALIDATE_PRODUCT = YES;
			};
			name = Release;
		};
		026B499923D62AE8006CBE6A /* Debug */ = {
			isa = XCBuildConfiguration;
			buildSettings = {
				ASSETCATALOG_COMPILER_APPICON_NAME = AppIcon;
				CODE_SIGN_STYLE = Automatic;
				DEVELOPMENT_TEAM = 87F72Z6LFG;
				INFOPLIST_FILE = PersistencePixabayLab/Info.plist;
				LD_RUNPATH_SEARCH_PATHS = (
					"$(inherited)",
					"@executable_path/Frameworks",
				);
				PRODUCT_BUNDLE_IDENTIFIER = com.kelbymittan.PersistencePixabayLab;
				PRODUCT_NAME = "$(TARGET_NAME)";
				SWIFT_VERSION = 5.0;
				TARGETED_DEVICE_FAMILY = "1,2";
			};
			name = Debug;
		};
		026B499A23D62AE8006CBE6A /* Release */ = {
			isa = XCBuildConfiguration;
			buildSettings = {
				ASSETCATALOG_COMPILER_APPICON_NAME = AppIcon;
				CODE_SIGN_STYLE = Automatic;
				DEVELOPMENT_TEAM = 87F72Z6LFG;
				INFOPLIST_FILE = PersistencePixabayLab/Info.plist;
				LD_RUNPATH_SEARCH_PATHS = (
					"$(inherited)",
					"@executable_path/Frameworks",
				);
				PRODUCT_BUNDLE_IDENTIFIER = com.kelbymittan.PersistencePixabayLab;
				PRODUCT_NAME = "$(TARGET_NAME)";
				SWIFT_VERSION = 5.0;
				TARGETED_DEVICE_FAMILY = "1,2";
			};
			name = Release;
		};
		026B499C23D62AE8006CBE6A /* Debug */ = {
			isa = XCBuildConfiguration;
			buildSettings = {
				ALWAYS_EMBED_SWIFT_STANDARD_LIBRARIES = YES;
				BUNDLE_LOADER = "$(TEST_HOST)";
				CODE_SIGN_STYLE = Automatic;
				DEVELOPMENT_TEAM = 87F72Z6LFG;
				INFOPLIST_FILE = PersistencePixabayLabTests/Info.plist;
				IPHONEOS_DEPLOYMENT_TARGET = 13.2;
				LD_RUNPATH_SEARCH_PATHS = (
					"$(inherited)",
					"@executable_path/Frameworks",
					"@loader_path/Frameworks",
				);
				PRODUCT_BUNDLE_IDENTIFIER = com.kelbymittan.PersistencePixabayLabTests;
				PRODUCT_NAME = "$(TARGET_NAME)";
				SWIFT_VERSION = 5.0;
				TARGETED_DEVICE_FAMILY = "1,2";
				TEST_HOST = "$(BUILT_PRODUCTS_DIR)/PersistencePixabayLab.app/PersistencePixabayLab";
			};
			name = Debug;
		};
		026B499D23D62AE8006CBE6A /* Release */ = {
			isa = XCBuildConfiguration;
			buildSettings = {
				ALWAYS_EMBED_SWIFT_STANDARD_LIBRARIES = YES;
				BUNDLE_LOADER = "$(TEST_HOST)";
				CODE_SIGN_STYLE = Automatic;
				DEVELOPMENT_TEAM = 87F72Z6LFG;
				INFOPLIST_FILE = PersistencePixabayLabTests/Info.plist;
				IPHONEOS_DEPLOYMENT_TARGET = 13.2;
				LD_RUNPATH_SEARCH_PATHS = (
					"$(inherited)",
					"@executable_path/Frameworks",
					"@loader_path/Frameworks",
				);
				PRODUCT_BUNDLE_IDENTIFIER = com.kelbymittan.PersistencePixabayLabTests;
				PRODUCT_NAME = "$(TARGET_NAME)";
				SWIFT_VERSION = 5.0;
				TARGETED_DEVICE_FAMILY = "1,2";
				TEST_HOST = "$(BUILT_PRODUCTS_DIR)/PersistencePixabayLab.app/PersistencePixabayLab";
			};
			name = Release;
		};
/* End XCBuildConfiguration section */

/* Begin XCConfigurationList section */
		026B497423D62AD9006CBE6A /* Build configuration list for PBXProject "PersistencePixabayLab" */ = {
			isa = XCConfigurationList;
			buildConfigurations = (
				026B499623D62AE8006CBE6A /* Debug */,
				026B499723D62AE8006CBE6A /* Release */,
			);
			defaultConfigurationIsVisible = 0;
			defaultConfigurationName = Release;
		};
		026B499823D62AE8006CBE6A /* Build configuration list for PBXNativeTarget "PersistencePixabayLab" */ = {
			isa = XCConfigurationList;
			buildConfigurations = (
				026B499923D62AE8006CBE6A /* Debug */,
				026B499A23D62AE8006CBE6A /* Release */,
			);
			defaultConfigurationIsVisible = 0;
			defaultConfigurationName = Release;
		};
		026B499B23D62AE8006CBE6A /* Build configuration list for PBXNativeTarget "PersistencePixabayLabTests" */ = {
			isa = XCConfigurationList;
			buildConfigurations = (
				026B499C23D62AE8006CBE6A /* Debug */,
				026B499D23D62AE8006CBE6A /* Release */,
			);
			defaultConfigurationIsVisible = 0;
			defaultConfigurationName = Release;
		};
/* End XCConfigurationList section */

/* Begin XCRemoteSwiftPackageReference section */
		026B49A723D63911006CBE6A /* XCRemoteSwiftPackageReference "ImageKit" */ = {
			isa = XCRemoteSwiftPackageReference;
			repositoryURL = "https://github.com/alexpaul/ImageKit";
			requirement = {
				kind = upToNextMajorVersion;
				minimumVersion = 1.0.4;
			};
		};
/* End XCRemoteSwiftPackageReference section */

/* Begin XCSwiftPackageProductDependency section */
		026B49A823D63911006CBE6A /* ImageKit */ = {
			isa = XCSwiftPackageProductDependency;
			package = 026B49A723D63911006CBE6A /* XCRemoteSwiftPackageReference "ImageKit" */;
			productName = ImageKit;
		};
/* End XCSwiftPackageProductDependency section */
	};
	rootObject = 026B497123D62AD9006CBE6A /* Project object */;
}
